
Microsoft Visual Studio Solution File, Format Version 12.00
# Visual Studio Version 17
VisualStudioVersion = 17.4.33110.190
MinimumVisualStudioVersion = 10.0.40219.1
Project("{FAE04EC0-301F-11D3-BF4B-00C04F79EFBC}") = "GA6", "GA6.csproj", "{BD6AAC03-F1C4-4CA1-8971-D6FB6651D3AF}"
EndProject
Global
	GlobalSection(SolutionConfigurationPlatforms) = preSolution
		Debug|Any CPU = Debug|Any CPU
		Release|Any CPU = Release|Any CPU
	EndGlobalSection
	GlobalSection(ProjectConfigurationPlatforms) = postSolution
		{BD6AAC03-F1C4-4CA1-8971-D6FB6651D3AF}.Debug|Any CPU.ActiveCfg = Debug|Any CPU
		{BD6AAC03-F1C4-4CA1-8971-D6FB6651D3AF}.Debug|Any CPU.Build.0 = Debug|Any CPU
		{BD6AAC03-F1C4-4CA1-8971-D6FB6651D3AF}.Release|Any CPU.ActiveCfg = Release|Any CPU
		{BD6AAC03-F1C4-4CA1-8971-D6FB6651D3AF}.Release|Any CPU.Build.0 = Release|Any CPU
	EndGlobalSection
	GlobalSection(SolutionProperties) = preSolution
		HideSolutionNode = FALSE
	EndGlobalSection
	GlobalSection(ExtensibilityGlobals) = postSolution
		SolutionGuid = {65B177A6-01EC-46C5-A8EA-80AFFF727CE6}
	EndGlobalSection
EndGlobal
